
Microsoft Visual Studio Solution File, Format Version 12.00
# Visual Studio Version 16
VisualStudioVersion = 16.0.31424.327
MinimumVisualStudioVersion = 10.0.40219.1
Project("{9A19103F-16F7-4668-BE54-9A1E7A4F7556}") = "Library.Domain", "Library.Domain\Library.Domain.csproj", "{91DDDE80-E9DB-4385-AF78-B45594DDA1A0}"
EndProject
Project("{9A19103F-16F7-4668-BE54-9A1E7A4F7556}") = "Library.DAL", "Library.DAL\Library.DAL.csproj", "{7646057A-358C-44DC-B34F-A72B22A68FC6}"
EndProject
Project("{9A19103F-16F7-4668-BE54-9A1E7A4F7556}") = "Library.BLL", "Library.BLL\Library.BLL.csproj", "{E379FBEA-4D7B-458E-9F70-9AB20CCC3FD0}"
EndProject
Project("{9A19103F-16F7-4668-BE54-9A1E7A4F7556}") = "Library.Web", "Library.Web\Library.Web.csproj", "{E7685D4B-416F-410F-99D3-946BCB7910EB}"
EndProject
Project("{9A19103F-16F7-4668-BE54-9A1E7A4F7556}") = "Api", "Api\Api.csproj", "{C97C6490-5032-4626-B863-B407969AF282}"
EndProject
Project("{9A19103F-16F7-4668-BE54-9A1E7A4F7556}") = "Client", "Client\Client.csproj", "{AE428F8E-BAF3-4355-8A9D-CE3DA339099D}"
EndProject
Global
	GlobalSection(SolutionConfigurationPlatforms) = preSolution
		Debug|Any CPU = Debug|Any CPU
		Release|Any CPU = Release|Any CPU
	EndGlobalSection
	GlobalSection(ProjectConfigurationPlatforms) = postSolution
		{91DDDE80-E9DB-4385-AF78-B45594DDA1A0}.Debug|Any CPU.ActiveCfg = Debug|Any CPU
		{91DDDE80-E9DB-4385-AF78-B45594DDA1A0}.Debug|Any CPU.Build.0 = Debug|Any CPU
		{91DDDE80-E9DB-4385-AF78-B45594DDA1A0}.Release|Any CPU.ActiveCfg = Release|Any CPU
		{91DDDE80-E9DB-4385-AF78-B45594DDA1A0}.Release|Any CPU.Build.0 = Release|Any CPU
		{7646057A-358C-44DC-B34F-A72B22A68FC6}.Debug|Any CPU.ActiveCfg = Debug|Any CPU
		{7646057A-358C-44DC-B34F-A72B22A68FC6}.Debug|Any CPU.Build.0 = Debug|Any CPU
		{7646057A-358C-44DC-B34F-A72B22A68FC6}.Release|Any CPU.ActiveCfg = Release|Any CPU
		{7646057A-358C-44DC-B34F-A72B22A68FC6}.Release|Any CPU.Build.0 = Release|Any CPU
		{E379FBEA-4D7B-458E-9F70-9AB20CCC3FD0}.Debug|Any CPU.ActiveCfg = Debug|Any CPU
		{E379FBEA-4D7B-458E-9F70-9AB20CCC3FD0}.Debug|Any CPU.Build.0 = Debug|Any CPU
		{E379FBEA-4D7B-458E-9F70-9AB20CCC3FD0}.Release|Any CPU.ActiveCfg = Release|Any CPU
		{E379FBEA-4D7B-458E-9F70-9AB20CCC3FD0}.Release|Any CPU.Build.0 = Release|Any CPU
		{E7685D4B-416F-410F-99D3-946BCB7910EB}.Debug|Any CPU.ActiveCfg = Debug|Any CPU
		{E7685D4B-416F-410F-99D3-946BCB7910EB}.Debug|Any CPU.Build.0 = Debug|Any CPU
		{E7685D4B-416F-410F-99D3-946BCB7910EB}.Release|Any CPU.ActiveCfg = Release|Any CPU
		{E7685D4B-416F-410F-99D3-946BCB7910EB}.Release|Any CPU.Build.0 = Release|Any CPU
		{C97C6490-5032-4626-B863-B407969AF282}.Debug|Any CPU.ActiveCfg = Debug|Any CPU
		{C97C6490-5032-4626-B863-B407969AF282}.Debug|Any CPU.Build.0 = Debug|Any CPU
		{C97C6490-5032-4626-B863-B407969AF282}.Release|Any CPU.ActiveCfg = Release|Any CPU
		{C97C6490-5032-4626-B863-B407969AF282}.Release|Any CPU.Build.0 = Release|Any CPU
		{AE428F8E-BAF3-4355-8A9D-CE3DA339099D}.Debug|Any CPU.ActiveCfg = Debug|Any CPU
		{AE428F8E-BAF3-4355-8A9D-CE3DA339099D}.Debug|Any CPU.Build.0 = Debug|Any CPU
		{AE428F8E-BAF3-4355-8A9D-CE3DA339099D}.Release|Any CPU.ActiveCfg = Release|Any CPU
		{AE428F8E-BAF3-4355-8A9D-CE3DA339099D}.Release|Any CPU.Build.0 = Release|Any CPU
	EndGlobalSection
	GlobalSection(SolutionProperties) = preSolution
		HideSolutionNode = FALSE
	EndGlobalSection
	GlobalSection(ExtensibilityGlobals) = postSolution
		SolutionGuid = {D991C49C-5964-4365-AF34-8C8218116E52}
	EndGlobalSection
EndGlobal
